{
  "name": "workflow",
  "version": "1.0.0",
  "lockfileVersion": 2,
  "requires": true,
  "packages": {
    "": {
      "name": "workflow",
      "version": "1.0.0",
      "license": "ISC",
      "dependencies": {
        "@datadog/browser-logs": "^4.14.0"
      }
    },
    "node_modules/@datadog/browser-core": {
      "version": "4.14.0",
      "resolved": "https://registry.npmjs.org/@datadog/browser-core/-/browser-core-4.14.0.tgz",
      "integrity": "sha512-ogtZSxHCi/Uh2V4fe88rlXHPeHy4oYbAzuCjDGn60gVECL4US6xYJ4AVi4nPAvkQun8KaxUQdYMfeohcGBMrYQ=="
    },
    "node_modules/@datadog/browser-logs": {
      "version": "4.14.0",
      "resolved": "https://registry.npmjs.org/@datadog/browser-logs/-/browser-logs-4.14.0.tgz",
      "integrity": "sha512-WBLPVltDcaKF/sgT6LZif5uS1kZ12jkB9s/rx3NZScRgABpNZtY+pmsuLUKFS3Hjb4CmNt8X2vPfd2kxy18y/g==",
      "dependencies": {
        "@datadog/browser-core": "4.14.0"
      }
    }
  },
  "dependencies": {
    "@datadog/browser-core": {
      "version": "4.14.0",
      "resolved": "https://registry.npmjs.org/@datadog/browser-core/-/browser-core-4.14.0.tgz",
      "integrity": "sha512-ogtZSxHCi/Uh2V4fe88rlXHPeHy4oYbAzuCjDGn60gVECL4US6xYJ4AVi4nPAvkQun8KaxUQdYMfeohcGBMrYQ=="
    },
    "@datadog/browser-logs": {
      "version": "4.14.0",
      "resolved": "https://registry.npmjs.org/@datadog/browser-logs/-/browser-logs-4.14.0.tgz",
      "integrity": "sha512-WBLPVltDcaKF/sgT6LZif5uS1kZ12jkB9s/rx3NZScRgABpNZtY+pmsuLUKFS3Hjb4CmNt8X2vPfd2kxy18y/g==",
      "requires": {
        "@datadog/browser-core": "4.14.0"
      }
    }
  }
}
